Microsoft Visual Studio Solution File, Format Version 12.00
# Visual Studio Version 16
VisualStudioVersion = 16.0.29911.84
MinimumVisualStudioVersion = 10.0.40219.1
Project("{FAE04EC0-301F-11D3-BF4B-00C04F79EFBC}") = "SendSMS", "SendSMS.csproj", "{4677AC49-874A-4E38-8842-86C6BDC5E816}"
EndProject
Global
	GlobalSection(SolutionConfigurationPlatforms) = preSolution
		Debug|Any CPU = Debug|Any CPU
		Release|Any CPU = Release|Any CPU
	EndGlobalSection
	GlobalSection(ProjectConfigurationPlatforms) = postSolution
		{4677AC49-874A-4E38-8842-86C6BDC5E816}.Debug|Any CPU.ActiveCfg = Debug|Any CPU
		{4677AC49-874A-4E38-8842-86C6BDC5E816}.Debug|Any CPU.Build.0 = Debug|Any CPU
		{4677AC49-874A-4E38-8842-86C6BDC5E816}.Release|Any CPU.ActiveCfg = Release|Any CPU
		{4677AC49-874A-4E38-8842-86C6BDC5E816}.Release|Any CPU.Build.0 = Release|Any CPU
	EndGlobalSection
	GlobalSection(SolutionProperties) = preSolution
		HideSolutionNode = FALSE
	EndGlobalSection
	GlobalSection(ExtensibilityGlobals) = postSolution
		SolutionGuid = {58F259CF-2AD6-4E0F-938B-8BB397BECA0F}
	EndGlobalSection
EndGlobal
